
Microsoft Visual Studio Solution File, Format Version 12.00
# Visual Studio Version 16
VisualStudioVersion = 16.0.29409.12
MinimumVisualStudioVersion = 10.0.40219.1
Project("{9A19103F-16F7-4668-BE54-9A1E7A4F7556}") = "VOD.UI", "VOD.UI\VOD.UI.csproj", "{8993681C-BD1B-464C-8B37-B39000DE4188}"
EndProject
Project("{FAE04EC0-301F-11D3-BF4B-00C04F79EFBC}") = "VOD.Common", "VOD.Common\VOD.Common.csproj", "{7243B349-2112-4AAB-B50A-DFE2D91007EE}"
EndProject
Project("{FAE04EC0-301F-11D3-BF4B-00C04F79EFBC}") = "VOD.Database", "VOD.Database\VOD.Database.csproj", "{19542B0E-1F1C-4F7B-99D3-BFDFF3EB8A07}"
EndProject
Global
	GlobalSection(SolutionConfigurationPlatforms) = preSolution
		Debug|Any CPU = Debug|Any CPU
		Release|Any CPU = Release|Any CPU
	EndGlobalSection
	GlobalSection(ProjectConfigurationPlatforms) = postSolution
		{8993681C-BD1B-464C-8B37-B39000DE4188}.Debug|Any CPU.ActiveCfg = Debug|Any CPU
		{8993681C-BD1B-464C-8B37-B39000DE4188}.Debug|Any CPU.Build.0 = Debug|Any CPU
		{8993681C-BD1B-464C-8B37-B39000DE4188}.Release|Any CPU.ActiveCfg = Release|Any CPU
		{8993681C-BD1B-464C-8B37-B39000DE4188}.Release|Any CPU.Build.0 = Release|Any CPU
		{7243B349-2112-4AAB-B50A-DFE2D91007EE}.Debug|Any CPU.ActiveCfg = Debug|Any CPU
		{7243B349-2112-4AAB-B50A-DFE2D91007EE}.Debug|Any CPU.Build.0 = Debug|Any CPU
		{7243B349-2112-4AAB-B50A-DFE2D91007EE}.Release|Any CPU.ActiveCfg = Release|Any CPU
		{7243B349-2112-4AAB-B50A-DFE2D91007EE}.Release|Any CPU.Build.0 = Release|Any CPU
		{19542B0E-1F1C-4F7B-99D3-BFDFF3EB8A07}.Debug|Any CPU.ActiveCfg = Debug|Any CPU
		{19542B0E-1F1C-4F7B-99D3-BFDFF3EB8A07}.Debug|Any CPU.Build.0 = Debug|Any CPU
		{19542B0E-1F1C-4F7B-99D3-BFDFF3EB8A07}.Release|Any CPU.ActiveCfg = Release|Any CPU
		{19542B0E-1F1C-4F7B-99D3-BFDFF3EB8A07}.Release|Any CPU.Build.0 = Release|Any CPU
	EndGlobalSection
	GlobalSection(SolutionProperties) = preSolution
		HideSolutionNode = FALSE
	EndGlobalSection
	GlobalSection(ExtensibilityGlobals) = postSolution
		SolutionGuid = {9F39BBAF-7703-4E92-AEC1-1D8104AF91D7}
	EndGlobalSection
EndGlobal
